dependencies:
- name: cas-postgres
  repository: https://bcgov.github.io/cas-postgres/
  version: 0.5.3
- name: metabase
  repository: file://../metabase
  version: 0.12.1
digest: sha256:5bb5d71771e653879a09f11c9c44353de0eb4f94d828e53951b051b6d5051e14
generated: "2020-10-08T16:35:51.317613317-07:00"
